// !$*UTF8*$!
{
	archiveVersion = 1;
	classes = {
	};
	objectVersion = 77;
	objects = {

/* Begin PBXBuildFile section */
		04930FAD1206074E3C3776E6 /* gentle_piano.caf in Resources */ = {isa = PBXBuildFile; fileRef = 338E7E572CF079C7AF0D1905 /* gentle_piano.caf */; };
		04D9D090B91A59A18433DEE5 /* Theme.swift in Sources */ = {isa = PBXBuildFile; fileRef = 3D058D395A7FF29DAF060F00 /* Theme.swift */; };
		085D0ACD54180DD3897E9AE6 /* bird_chirping.caf in Resources */ = {isa = PBXBuildFile; fileRef = 63363F23EF32F841F0EF9890 /* bird_chirping.caf */; };
		10E03778D86E9C4A4D22C112 /* NewAlarmScreen.swift in Sources */ = {isa = PBXBuildFile; fileRef = 4CD348EF84903103DC9691C9 /* NewAlarmScreen.swift */; };
		112F8EC283F8EBF0F4638224 /* Enums.swift in Sources */ = {isa = PBXBuildFile; fileRef = 44C9185744BC4D35AD0DDACB /* Enums.swift */; };
		1557F011265BDEEE9C9F2717 /* ProfileScreen.swift in Sources */ = {isa = PBXBuildFile; fileRef = 2F1073C6E7520B5B9E50B18A /* ProfileScreen.swift */; };
		1E51D794FD6F5519FFC679FB /* default_content.json in Resources */ = {isa = PBXBuildFile; fileRef = 9BC0A8BB08A7B6209FE83611 /* default_content.json */; };
		22552FF6C96B986DBE8F11A9 /* morning_bells.caf in Resources */ = {isa = PBXBuildFile; fileRef = A1EFAD289C524D9E1168D9EF /* morning_bells.caf */; };
		2291C929309EBB182378889C /* OnboardingView.swift in Sources */ = {isa = PBXBuildFile; fileRef = A8DB4CDB6FBBE732DBD815A4 /* OnboardingView.swift */; };
		2E67064D0304333BFFE95A7F /* AlarmScheduler.swift in Sources */ = {isa = PBXBuildFile; fileRef = 2ACE8097DFD473DC3072AA65 /* AlarmScheduler.swift */; };
		3054F367A9AA97F61B27FE64 /* ocean_waves.caf in Resources */ = {isa = PBXBuildFile; fileRef = F57930CCAF873421F3E7CCCA /* ocean_waves.caf */; };
		3237CD5DDB8AEBFE6AB35516 /* GeminiService.swift in Sources */ = {isa = PBXBuildFile; fileRef = B853BC31CFBE7030A0F57BF8 /* GeminiService.swift */; };
		3792F2DD0A6798EF8EF4F16E /* AhvanApp.swift in Sources */ = {isa = PBXBuildFile; fileRef = 6A182447A4F254899A32B54D /* AhvanApp.swift */; };
		387753473C01D88D09A7B0BB /* Profile.swift in Sources */ = {isa = PBXBuildFile; fileRef = DA1451CDDE20D92206EBC11F /* Profile.swift */; };
		5A5660FDFDEF186E78CE5BE8 /* ContentLoader.swift in Sources */ = {isa = PBXBuildFile; fileRef = 179486679642C5FA5B6C4F62 /* ContentLoader.swift */; };
		5B2177315B0D426FD74C223F /* forest_mist.caf in Resources */ = {isa = PBXBuildFile; fileRef = EB6D25E656F212658D8F6133 /* forest_mist.caf */; };
		76B1381D9FD4123B7074F413 /* StreakCalculator.swift in Sources */ = {isa = PBXBuildFile; fileRef = 1B49D5E7541E1FB961FA61AF /* StreakCalculator.swift */; };
		7787DB6D66FA69D94E2B3C8A /* SettingsScreen.swift in Sources */ = {isa = PBXBuildFile; fileRef = C0EFCB074AC2359F08DF64D6 /* SettingsScreen.swift */; };
		90DB844FBA49C828DBBEE1A4 /* AlarmsScreen.swift in Sources */ = {isa = PBXBuildFile; fileRef = EB826DCDC0B60F6F0BE11125 /* AlarmsScreen.swift */; };
		95A4BC4180F23314371193A4 /* TaskTemplate.swift in Sources */ = {isa = PBXBuildFile; fileRef = B5C5262274ECB8345B7FAAC3 /* TaskTemplate.swift */; };
		B8CDDAB82C63828BA3B5715E /* DailyCompletion.swift in Sources */ = {isa = PBXBuildFile; fileRef = B18FFFCB9F09EA91616E90FE /* DailyCompletion.swift */; };
		D0445012054FCEB919BF0491 /* WakeUpScreen.swift in Sources */ = {isa = PBXBuildFile; fileRef = 4830C6E95BB3A1D5FA967F01 /* WakeUpScreen.swift */; };
		D0D5D63DA794E4469B3AEAC7 /* Assets.xcassets in Resources */ = {isa = PBXBuildFile; fileRef = 11CCADE2C4998473B126DD7C /* Assets.xcassets */; };
		DBEC761A9AFB893D7573E7DC /* silent.caf in Resources */ = {isa = PBXBuildFile; fileRef = CF1C4ED65D8E597BC305A93D /* silent.caf */; };
		E762C0E66D069D5DAB9A1291 /* ContentView.swift in Sources */ = {isa = PBXBuildFile; fileRef = 643B2688B34E5EDB273DB79B /* ContentView.swift */; };
		E8787F65979B6FA7AC265A42 /* Alarm.swift in Sources */ = {isa = PBXBuildFile; fileRef = 4BAFAE0530BB3340498FFBB2 /* Alarm.swift */; };
		F2869BD849D9A3FF63247AF4 /* FileManager+App.swift in Sources */ = {isa = PBXBuildFile; fileRef = 303F7D80EACFA0A9839399A5 /* FileManager+App.swift */; };
		F870ECC57EA996CA71948679 /* FeedScreen.swift in Sources */ = {isa = PBXBuildFile; fileRef = 5B60B1A5A2C742A38A21CB03 /* FeedScreen.swift */; };
		FA6D18EFCF6CB1AEA0740A8B /* sunrise_chime.caf in Resources */ = {isa = PBXBuildFile; fileRef = 148F9E3E61C5462ED23CA9FD /* sunrise_chime.caf */; };
		FB275C2C01EFDFDC444FE952 /* MotivateScreen.swift in Sources */ = {isa = PBXBuildFile; fileRef = BF91CB4468FEFB4C7E68E3B4 /* MotivateScreen.swift */; };
/* End PBXBuildFile section */

/* Begin PBXFileReference section */
		11CCADE2C4998473B126DD7C /* Assets.xcassets */ = {isa = PBXFileReference; lastKnownFileType = folder.assetcatalog; path = Assets.xcassets; sourceTree = "<group>"; };
		148F9E3E61C5462ED23CA9FD /* sunrise_chime.caf */ = {isa = PBXFileReference; lastKnownFileType = file; path = sunrise_chime.caf; sourceTree = "<group>"; };
		179486679642C5FA5B6C4F62 /* ContentLoader.swift */ = {isa = PBXFileReference; lastKnownFileType = sourcecode.swift; path = ContentLoader.swift; sourceTree = "<group>"; };
		1B49D5E7541E1FB961FA61AF /* StreakCalculator.swift */ = {isa = PBXFileReference; lastKnownFileType = sourcecode.swift; path = StreakCalculator.swift; sourceTree = "<group>"; };
		2ACE8097DFD473DC3072AA65 /* AlarmScheduler.swift */ = {isa = PBXFileReference; lastKnownFileType = sourcecode.swift; path = AlarmScheduler.swift; sourceTree = "<group>"; };
		2F1073C6E7520B5B9E50B18A /* ProfileScreen.swift */ = {isa = PBXFileReference; lastKnownFileType = sourcecode.swift; path = ProfileScreen.swift; sourceTree = "<group>"; };
		303F7D80EACFA0A9839399A5 /* FileManager+App.swift */ = {isa = PBXFileReference; lastKnownFileType = sourcecode.swift; path = "FileManager+App.swift"; sourceTree = "<group>"; };
		338E7E572CF079C7AF0D1905 /* gentle_piano.caf */ = {isa = PBXFileReference; lastKnownFileType = file; path = gentle_piano.caf; sourceTree = "<group>"; };
		3D058D395A7FF29DAF060F00 /* Theme.swift */ = {isa = PBXFileReference; lastKnownFileType = sourcecode.swift; path = Theme.swift; sourceTree = "<group>"; };
		44C9185744BC4D35AD0DDACB /* Enums.swift */ = {isa = PBXFileReference; lastKnownFileType = sourcecode.swift; path = Enums.swift; sourceTree = "<group>"; };
		4830C6E95BB3A1D5FA967F01 /* WakeUpScreen.swift */ = {isa = PBXFileReference; lastKnownFileType = sourcecode.swift; path = WakeUpScreen.swift; sourceTree = "<group>"; };
		4989257BC94EA7D49F681E89 /* Ahvan.entitlements */ = {isa = PBXFileReference; lastKnownFileType = text.plist.entitlements; path = Ahvan.entitlements; sourceTree = "<group>"; };
		4BAFAE0530BB3340498FFBB2 /* Alarm.swift */ = {isa = PBXFileReference; lastKnownFileType = sourcecode.swift; path = Alarm.swift; sourceTree = "<group>"; };
		4CD348EF84903103DC9691C9 /* NewAlarmScreen.swift */ = {isa = PBXFileReference; lastKnownFileType = sourcecode.swift; path = NewAlarmScreen.swift; sourceTree = "<group>"; };
		5B60B1A5A2C742A38A21CB03 /* FeedScreen.swift */ = {isa = PBXFileReference; lastKnownFileType = sourcecode.swift; path = FeedScreen.swift; sourceTree = "<group>"; };
		63363F23EF32F841F0EF9890 /* bird_chirping.caf */ = {isa = PBXFileReference; lastKnownFileType = file; path = bird_chirping.caf; sourceTree = "<group>"; };
		643B2688B34E5EDB273DB79B /* ContentView.swift */ = {isa = PBXFileReference; lastKnownFileType = sourcecode.swift; path = ContentView.swift; sourceTree = "<group>"; };
		6A182447A4F254899A32B54D /* AhvanApp.swift */ = {isa = PBXFileReference; lastKnownFileType = sourcecode.swift; path = AhvanApp.swift; sourceTree = "<group>"; };
		9BC0A8BB08A7B6209FE83611 /* default_content.json */ = {isa = PBXFileReference; lastKnownFileType = text.json; path = default_content.json; sourceTree = "<group>"; };
		A12AF6F24078270DC3FF66E5 /* Ahvan.app */ = {isa = PBXFileReference; explicitFileType = wrapper.application; includeInIndex = 0; path = Ahvan.app; sourceTree = BUILT_PRODUCTS_DIR; };
		A1EFAD289C524D9E1168D9EF /* morning_bells.caf */ = {isa = PBXFileReference; lastKnownFileType = file; path = morning_bells.caf; sourceTree = "<group>"; };
		A8DB4CDB6FBBE732DBD815A4 /* OnboardingView.swift */ = {isa = PBXFileReference; lastKnownFileType = sourcecode.swift; path = OnboardingView.swift; sourceTree = "<group>"; };
		AA70A016E292A4177D3CC1A4 /* Info.plist */ = {isa = PBXFileReference; lastKnownFileType = text.plist; path = Info.plist; sourceTree = "<group>"; };
		B18FFFCB9F09EA91616E90FE /* DailyCompletion.swift */ = {isa = PBXFileReference; lastKnownFileType = sourcecode.swift; path = DailyCompletion.swift; sourceTree = "<group>"; };
		B5C5262274ECB8345B7FAAC3 /* TaskTemplate.swift */ = {isa = PBXFileReference; lastKnownFileType = sourcecode.swift; path = TaskTemplate.swift; sourceTree = "<group>"; };
		B853BC31CFBE7030A0F57BF8 /* GeminiService.swift */ = {isa = PBXFileReference; lastKnownFileType = sourcecode.swift; path = GeminiService.swift; sourceTree = "<group>"; };
		BF91CB4468FEFB4C7E68E3B4 /* MotivateScreen.swift */ = {isa = PBXFileReference; lastKnownFileType = sourcecode.swift; path = MotivateScreen.swift; sourceTree = "<group>"; };
		C0EFCB074AC2359F08DF64D6 /* SettingsScreen.swift */ = {isa = PBXFileReference; lastKnownFileType = sourcecode.swift; path = SettingsScreen.swift; sourceTree = "<group>"; };
		CF1C4ED65D8E597BC305A93D /* silent.caf */ = {isa = PBXFileReference; lastKnownFileType = file; path = silent.caf; sourceTree = "<group>"; };
		DA1451CDDE20D92206EBC11F /* Profile.swift */ = {isa = PBXFileReference; lastKnownFileType = sourcecode.swift; path = Profile.swift; sourceTree = "<group>"; };
		EB6D25E656F212658D8F6133 /* forest_mist.caf */ = {isa = PBXFileReference; lastKnownFileType = file; path = forest_mist.caf; sourceTree = "<group>"; };
		EB826DCDC0B60F6F0BE11125 /* AlarmsScreen.swift */ = {isa = PBXFileReference; lastKnownFileType = sourcecode.swift; path = AlarmsScreen.swift; sourceTree = "<group>"; };
		F57930CCAF873421F3E7CCCA /* ocean_waves.caf */ = {isa = PBXFileReference; lastKnownFileType = file; path = ocean_waves.caf; sourceTree = "<group>"; };
		"TEMP_ADE9FF89-083F-4625-9A80-DFC3F9C81AEA" /* Config.xcconfig */ = {isa = PBXFileReference; lastKnownFileType = text.xcconfig; path = Config.xcconfig; sourceTree = "<group>"; };
/* End PBXFileReference section */

/* Begin PBXGroup section */
		1DF3CA284F2AFA35D2177107 /* Onboarding */ = {
			isa = PBXGroup;
			children = (
				A8DB4CDB6FBBE732DBD815A4 /* OnboardingView.swift */,
			);
			path = Onboarding;
			sourceTree = "<group>";
		};
		24C5C5C83EC67D1C107EEBE7 /* Ahvan */ = {
			isa = PBXGroup;
			children = (
				4989257BC94EA7D49F681E89 /* Ahvan.entitlements */,
				11CCADE2C4998473B126DD7C /* Assets.xcassets */,
				AA70A016E292A4177D3CC1A4 /* Info.plist */,
				CC1A2BA36970A70463235CCC /* App */,
				28725FFF38AE56BA30A06271 /* Models */,
				69661D2448EE6C98DAD3720C /* Resources */,
				6363BFB054AE8BB0B11DEF4E /* Services */,
				36936F2BF36DA9A24E3564B3 /* Sounds */,
				A8497785E0BCB725415F2B5C /* Views */,
			);
			path = Ahvan;
			sourceTree = "<group>";
		};
		28725FFF38AE56BA30A06271 /* Models */ = {
			isa = PBXGroup;
			children = (
				4BAFAE0530BB3340498FFBB2 /* Alarm.swift */,
				B18FFFCB9F09EA91616E90FE /* DailyCompletion.swift */,
				44C9185744BC4D35AD0DDACB /* Enums.swift */,
				DA1451CDDE20D92206EBC11F /* Profile.swift */,
				B5C5262274ECB8345B7FAAC3 /* TaskTemplate.swift */,
			);
			path = Models;
			sourceTree = "<group>";
		};
		36936F2BF36DA9A24E3564B3 /* Sounds */ = {
			isa = PBXGroup;
			children = (
				63363F23EF32F841F0EF9890 /* bird_chirping.caf */,
				EB6D25E656F212658D8F6133 /* forest_mist.caf */,
				338E7E572CF079C7AF0D1905 /* gentle_piano.caf */,
				A1EFAD289C524D9E1168D9EF /* morning_bells.caf */,
				F57930CCAF873421F3E7CCCA /* ocean_waves.caf */,
				CF1C4ED65D8E597BC305A93D /* silent.caf */,
				148F9E3E61C5462ED23CA9FD /* sunrise_chime.caf */,
			);
			path = Sounds;
			sourceTree = "<group>";
		};
		3AE53EA03BFCB7571789E9B8 /* Products */ = {
			isa = PBXGroup;
			children = (
				A12AF6F24078270DC3FF66E5 /* Ahvan.app */,
			);
			name = Products;
			sourceTree = "<group>";
		};
		4CE7D59B2F777ACF003588CB /* Recovered References */ = {
			isa = PBXGroup;
			children = (
				"TEMP_ADE9FF89-083F-4625-9A80-DFC3F9C81AEA" /* Config.xcconfig */,
			);
			name = "Recovered References";
			sourceTree = "<group>";
		};
		6363BFB054AE8BB0B11DEF4E /* Services */ = {
			isa = PBXGroup;
			children = (
				2ACE8097DFD473DC3072AA65 /* AlarmScheduler.swift */,
				179486679642C5FA5B6C4F62 /* ContentLoader.swift */,
				303F7D80EACFA0A9839399A5 /* FileManager+App.swift */,
				B853BC31CFBE7030A0F57BF8 /* GeminiService.swift */,
				1B49D5E7541E1FB961FA61AF /* StreakCalculator.swift */,
			);
			path = Services;
			sourceTree = "<group>";
		};
		69661D2448EE6C98DAD3720C /* Resources */ = {
			isa = PBXGroup;
			children = (
				9BC0A8BB08A7B6209FE83611 /* default_content.json */,
			);
			path = Resources;
			sourceTree = "<group>";
		};
		82263E6B5BADDEF290AC1B11 = {
			isa = PBXGroup;
			children = (
				24C5C5C83EC67D1C107EEBE7 /* Ahvan */,
				3AE53EA03BFCB7571789E9B8 /* Products */,
				4CE7D59B2F777ACF003588CB /* Recovered References */,
			);
			sourceTree = "<group>";
		};
		A8497785E0BCB725415F2B5C /* Views */ = {
			isa = PBXGroup;
			children = (
				EB826DCDC0B60F6F0BE11125 /* AlarmsScreen.swift */,
				5B60B1A5A2C742A38A21CB03 /* FeedScreen.swift */,
				BF91CB4468FEFB4C7E68E3B4 /* MotivateScreen.swift */,
				4CD348EF84903103DC9691C9 /* NewAlarmScreen.swift */,
				2F1073C6E7520B5B9E50B18A /* ProfileScreen.swift */,
				C0EFCB074AC2359F08DF64D6 /* SettingsScreen.swift */,
				4830C6E95BB3A1D5FA967F01 /* WakeUpScreen.swift */,
				1DF3CA284F2AFA35D2177107 /* Onboarding */,
			);
			path = Views;
			sourceTree = "<group>";
		};
		CC1A2BA36970A70463235CCC /* App */ = {
			isa = PBXGroup;
			children = (
				6A182447A4F254899A32B54D /* AhvanApp.swift */,
				643B2688B34E5EDB273DB79B /* ContentView.swift */,
				3D058D395A7FF29DAF060F00 /* Theme.swift */,
			);
			path = App;
			sourceTree = "<group>";
		};
/* End PBXGroup section */

/* Begin PBXNativeTarget section */
		F191BCE90AF3B466E88F4BCC /* Ahvan */ = {
			isa = PBXNativeTarget;
			buildConfigurationList = F920FDBEFC78692BE50A3DB3 /* Build configuration list for PBXNativeTarget "Ahvan" */;
			buildPhases = (
				D7BDB14FC7CD4F677056EEB8 /* Sources */,
				B7384D83FEC945A4AC289FB6 /* Resources */,
			);
			buildRules = (
			);
			dependencies = (
			);
			name = Ahvan;
			packageProductDependencies = (
			);
			productName = Ahvan;
			productReference = A12AF6F24078270DC3FF66E5 /* Ahvan.app */;
			productType = "com.apple.product-type.application";
		};
/* End PBXNativeTarget section */

/* Begin PBXProject section */
		A9257AE65CF9C3986C6010FD /* Project object */ = {
			isa = PBXProject;
			attributes = {
				BuildIndependentTargetsInParallel = YES;
				LastUpgradeCheck = 1600;
			};
			buildConfigurationList = 5E518BFD3B2235700F16E8A7 /* Build configuration list for PBXProject "Ahvan" */;
			developmentRegion = en;
			hasScannedForEncodings = 0;
			knownRegions = (
				Base,
				en,
			);
			mainGroup = 82263E6B5BADDEF290AC1B11;
			minimizedProjectReferenceProxies = 1;
			preferredProjectObjectVersion = 77;
			productRefGroup = 3AE53EA03BFCB7571789E9B8 /* Products */;
			projectDirPath = "";
			projectRoot = "";
			targets = (
				F191BCE90AF3B466E88F4BCC /* Ahvan */,
			);
		};
/* End PBXProject section */

/* Begin PBXResourcesBuildPhase section */
		B7384D83FEC945A4AC289FB6 /* Resources */ = {
			isa = PBXResourcesBuildPhase;
			buildActionMask = 2147483647;
			files = (
				D0D5D63DA794E4469B3AEAC7 /* Assets.xcassets in Resources */,
				085D0ACD54180DD3897E9AE6 /* bird_chirping.caf in Resources */,
				1E51D794FD6F5519FFC679FB /* default_content.json in Resources */,
				5B2177315B0D426FD74C223F /* forest_mist.caf in Resources */,
				04930FAD1206074E3C3776E6 /* gentle_piano.caf in Resources */,
				22552FF6C96B986DBE8F11A9 /* morning_bells.caf in Resources */,
				3054F367A9AA97F61B27FE64 /* ocean_waves.caf in Resources */,
				DBEC761A9AFB893D7573E7DC /* silent.caf in Resources */,
				FA6D18EFCF6CB1AEA0740A8B /* sunrise_chime.caf in Resources */,
			);
			runOnlyForDeploymentPostprocessing = 0;
		};
/* End PBXResourcesBuildPhase section */

/* Begin PBXSourcesBuildPhase section */
		D7BDB14FC7CD4F677056EEB8 /* Sources */ = {
			isa = PBXSourcesBuildPhase;
			buildActionMask = 2147483647;
			files = (
				3792F2DD0A6798EF8EF4F16E /* AhvanApp.swift in Sources */,
				E8787F65979B6FA7AC265A42 /* Alarm.swift in Sources */,
				2E67064D0304333BFFE95A7F /* AlarmScheduler.swift in Sources */,
				90DB844FBA49C828DBBEE1A4 /* AlarmsScreen.swift in Sources */,
				5A5660FDFDEF186E78CE5BE8 /* ContentLoader.swift in Sources */,
				E762C0E66D069D5DAB9A1291 /* ContentView.swift in Sources */,
				B8CDDAB82C63828BA3B5715E /* DailyCompletion.swift in Sources */,
				112F8EC283F8EBF0F4638224 /* Enums.swift in Sources */,
				F870ECC57EA996CA71948679 /* FeedScreen.swift in Sources */,
				F2869BD849D9A3FF63247AF4 /* FileManager+App.swift in Sources */,
				3237CD5DDB8AEBFE6AB35516 /* GeminiService.swift in Sources */,
				FB275C2C01EFDFDC444FE952 /* MotivateScreen.swift in Sources */,
				10E03778D86E9C4A4D22C112 /* NewAlarmScreen.swift in Sources */,
				2291C929309EBB182378889C /* OnboardingView.swift in Sources */,
				387753473C01D88D09A7B0BB /* Profile.swift in Sources */,
				1557F011265BDEEE9C9F2717 /* ProfileScreen.swift in Sources */,
				7787DB6D66FA69D94E2B3C8A /* SettingsScreen.swift in Sources */,
				76B1381D9FD4123B7074F413 /* StreakCalculator.swift in Sources */,
				95A4BC4180F23314371193A4 /* TaskTemplate.swift in Sources */,
				04D9D090B91A59A18433DEE5 /* Theme.swift in Sources */,
				D0445012054FCEB919BF0491 /* WakeUpScreen.swift in Sources */,
			);
			runOnlyForDeploymentPostprocessing = 0;
		};
/* End PBXSourcesBuildPhase section */

/* Begin XCBuildConfiguration section */
		48AADC37730D02EB8D623A7A /* Debug */ = {
			isa = XCBuildConfiguration;
			baseConfigurationReference = "TEMP_ADE9FF89-083F-4625-9A80-DFC3F9C81AEA" /* Config.xcconfig */;
			buildSettings = {
				ALWAYS_SEARCH_USER_PATHS = NO;
				CLANG_ANALYZER_NONNULL = YES;
				CLANG_ANALYZER_NUMBER_OBJECT_CONVERSION = YES_AGGRESSIVE;
				CLANG_CXX_LANGUAGE_STANDARD = "gnu++14";
				CLANG_CXX_LIBRARY = "libc++";
				CLANG_ENABLE_MODULES = YES;
				CLANG_ENABLE_OBJC_ARC = YES;
				CLANG_ENABLE_OBJC_WEAK = YES;
				CLANG_WARN_BLOCK_CAPTURE_AUTORELEASING = YES;
				CLANG_WARN_BOOL_CONVERSION = YES;
				CLANG_WARN_COMMA = YES;
				CLANG_WARN_CONSTANT_CONVERSION = YES;
				CLANG_WARN_DEPRECATED_OBJC_IMPLEMENTATIONS = YES;
				CLANG_WARN_DIRECT_OBJC_ISA_USAGE = YES_ERROR;
				CLANG_WARN_DOCUMENTATION_COMMENTS = YES;
				CLANG_WARN_EMPTY_BODY = YES;
				CLANG_WARN_ENUM_CONVERSION = YES;
				CLANG_WARN_INFINITE_RECURSION = YES;
				CLANG_WARN_INT_CONVERSION = YES;
				CLANG_WARN_NON_LITERAL_NULL_CONVERSION = YES;
				CLANG_WARN_OBJC_IMPLICIT_RETAIN_SELF = YES;
				CLANG_WARN_OBJC_LITERAL_CONVERSION = YES;
				CLANG_WARN_OBJC_ROOT_CLASS = YES_ERROR;
				CLANG_WARN_QUOTED_INCLUDE_IN_FRAMEWORK_HEADER = YES;
				CLANG_WARN_RANGE_LOOP_ANALYSIS = YES;
				CLANG_WARN_STRICT_PROTOTYPES = YES;
				CLANG_WARN_SUSPICIOUS_MOVE = YES;
				CLANG_WARN_UNGUARDED_AVAILABILITY = YES_AGGRESSIVE;
				CLANG_WARN_UNREACHABLE_CODE = YES;
				CLANG_WARN__DUPLICATE_METHOD_MATCH = YES;
				COPY_PHASE_STRIP = NO;
				DEBUG_INFORMATION_FORMAT = dwarf;
				ENABLE_STRICT_OBJC_MSGSEND = YES;
				ENABLE_TESTABILITY = YES;
				GCC_C_LANGUAGE_STANDARD = gnu11;
				GCC_DYNAMIC_NO_PIC = NO;
				GCC_NO_COMMON_BLOCKS = YES;
				GCC_OPTIMIZATION_LEVEL = 0;
				GCC_PREPROCESSOR_DEFINITIONS = (
					"$(inherited)",
					"DEBUG=1",
				);
				GCC_WARN_64_TO_32_BIT_CONVERSION = YES;
				GCC_WARN_ABOUT_RETURN_TYPE = YES_ERROR;
				GCC_WARN_UNDECLARED_SELECTOR = YES;
				GCC_WARN_UNINITIALIZED_AUTOS = YES_AGGRESSIVE;
				GCC_WARN_UNUSED_FUNCTION = YES;
				GCC_WARN_UNUSED_VARIABLE = YES;
				IPHONEOS_DEPLOYMENT_TARGET = 17.0;
				MTL_ENABLE_DEBUG_INFO = INCLUDE_SOURCE;
				MTL_FAST_MATH = YES;
				ONLY_ACTIVE_ARCH = YES;
				PRODUCT_NAME = "$(TARGET_NAME)";
				SDKROOT = iphoneos;
				SWIFT_ACTIVE_COMPILATION_CONDITIONS = DEBUG;
				SWIFT_OPTIMIZATION_LEVEL = "-Onone";
				SWIFT_VERSION = 6.0;
				TARGETED_DEVICE_FAMILY = 1;
			};
			name = Debug;
		};
		550FF969357535E582912CC9 /* Release */ = {
			isa = XCBuildConfiguration;
			baseConfigurationReference = "TEMP_ADE9FF89-083F-4625-9A80-DFC3F9C81AEA" /* Config.xcconfig */;
			buildSettings = {
				ALWAYS_SEARCH_USER_PATHS = NO;
				CLANG_ANALYZER_NONNULL = YES;
				CLANG_ANALYZER_NUMBER_OBJECT_CONVERSION = YES_AGGRESSIVE;
				CLANG_CXX_LANGUAGE_STANDARD = "gnu++14";
				CLANG_CXX_LIBRARY = "libc++";
				CLANG_ENABLE_MODULES = YES;
				CLANG_ENABLE_OBJC_ARC = YES;
				CLANG_ENABLE_OBJC_WEAK = YES;
				CLANG_WARN_BLOCK_CAPTURE_AUTORELEASING = YES;
				CLANG_WARN_BOOL_CONVERSION = YES;
				CLANG_WARN_COMMA = YES;
				CLANG_WARN_CONSTANT_CONVERSION = YES;
				CLANG_WARN_DEPRECATED_OBJC_IMPLEMENTATIONS = YES;
				CLANG_WARN_DIRECT_OBJC_ISA_USAGE = YES_ERROR;
				CLANG_WARN_DOCUMENTATION_COMMENTS = YES;
				CLANG_WARN_EMPTY_BODY = YES;
				CLANG_WARN_ENUM_CONVERSION = YES;
				CLANG_WARN_INFINITE_RECURSION = YES;
				CLANG_WARN_INT_CONVERSION = YES;
				CLANG_WARN_NON_LITERAL_NULL_CONVERSION = YES;
				CLANG_WARN_OBJC_IMPLICIT_RETAIN_SELF = YES;
				CLANG_WARN_OBJC_LITERAL_CONVERSION = YES;
				CLANG_WARN_OBJC_ROOT_CLASS = YES_ERROR;
				CLANG_WARN_QUOTED_INCLUDE_IN_FRAMEWORK_HEADER = YES;
				CLANG_WARN_RANGE_LOOP_ANALYSIS = YES;
				CLANG_WARN_STRICT_PROTOTYPES = YES;
				CLANG_WARN_SUSPICIOUS_MOVE = YES;
				CLANG_WARN_UNGUARDED_AVAILABILITY = YES_AGGRESSIVE;
				CLANG_WARN_UNREACHABLE_CODE = YES;
				CLANG_WARN__DUPLICATE_METHOD_MATCH = YES;
				COPY_PHASE_STRIP = NO;
				DEBUG_INFORMATION_FORMAT = "dwarf-with-dsym";
				ENABLE_NS_ASSERTIONS = NO;
				ENABLE_STRICT_OBJC_MSGSEND = YES;
				GCC_C_LANGUAGE_STANDARD = gnu11;
				GCC_NO_COMMON_BLOCKS = YES;
				GCC_WARN_64_TO_32_BIT_CONVERSION = YES;
				GCC_WARN_ABOUT_RETURN_TYPE = YES_ERROR;
				GCC_WARN_UNDECLARED_SELECTOR = YES;
				GCC_WARN_UNINITIALIZED_AUTOS = YES_AGGRESSIVE;
				GCC_WARN_UNUSED_FUNCTION = YES;
				GCC_WARN_UNUSED_VARIABLE = YES;
				IPHONEOS_DEPLOYMENT_TARGET = 17.0;
				MTL_ENABLE_DEBUG_INFO = NO;
				MTL_FAST_MATH = YES;
				PRODUCT_NAME = "$(TARGET_NAME)";
				SDKROOT = iphoneos;
				SWIFT_COMPILATION_MODE = wholemodule;
				SWIFT_OPTIMIZATION_LEVEL = "-O";
				SWIFT_VERSION = 6.0;
				TARGETED_DEVICE_FAMILY = 1;
			};
			name = Release;
		};
		5CCE9C121F05F34C46404D32 /* Debug */ = {
			isa = XCBuildConfiguration;
			buildSettings = {
				ASSETCATALOG_COMPILER_APPICON_NAME = AppIcon;
				ASSETCATALOG_COMPILER_GLOBAL_ACCENT_COLOR_NAME = AccentColor;
				CODE_SIGN_ENTITLEMENTS = Ahvan/Ahvan.entitlements;
				CODE_SIGN_IDENTITY = "iPhone Developer";
				DEVELOPMENT_TEAM = KU5BA3M5FK;
				GEMINI_API_KEY = "$(GEMINI_API_KEY)";
				INFOPLIST_FILE = Ahvan/Info.plist;
				INFOPLIST_KEY_CFBundleDisplayName = Ahvan;
				INFOPLIST_KEY_LSApplicationCategoryType = "public.app-category.lifestyle";
				INFOPLIST_KEY_UIApplicationSceneManifest_Generation = YES;
				INFOPLIST_KEY_UIApplicationSupportsIndirectInputEvents = YES;
				INFOPLIST_KEY_UILaunchScreen_Generation = YES;
				INFOPLIST_KEY_UISupportedInterfaceOrientations = UIInterfaceOrientationPortrait;
				LD_RUNPATH_SEARCH_PATHS = (
					"$(inherited)",
					"@executable_path/Frameworks",
				);
				PRODUCT_BUNDLE_IDENTIFIER = com.ahvan.Ahvan;
				SDKROOT = iphoneos;
				TARGETED_DEVICE_FAMILY = "1,2";
			};
			name = Debug;
		};
		82BA14688D16E435C55E491F /* Release */ = {
			isa = XCBuildConfiguration;
			buildSettings = {
				ASSETCATALOG_COMPILER_APPICON_NAME = AppIcon;
				ASSETCATALOG_COMPILER_GLOBAL_ACCENT_COLOR_NAME = AccentColor;
				CODE_SIGN_ENTITLEMENTS = Ahvan/Ahvan.entitlements;
				CODE_SIGN_IDENTITY = "iPhone Developer";
				DEVELOPMENT_TEAM = KU5BA3M5FK;
				GEMINI_API_KEY = "$(GEMINI_API_KEY)";
				INFOPLIST_FILE = Ahvan/Info.plist;
				INFOPLIST_KEY_CFBundleDisplayName = Ahvan;
				INFOPLIST_KEY_LSApplicationCategoryType = "public.app-category.lifestyle";
				INFOPLIST_KEY_UIApplicationSceneManifest_Generation = YES;
				INFOPLIST_KEY_UIApplicationSupportsIndirectInputEvents = YES;
				INFOPLIST_KEY_UILaunchScreen_Generation = YES;
				INFOPLIST_KEY_UISupportedInterfaceOrientations = UIInterfaceOrientationPortrait;
				LD_RUNPATH_SEARCH_PATHS = (
					"$(inherited)",
					"@executable_path/Frameworks",
				);
				PRODUCT_BUNDLE_IDENTIFIER = com.ahvan.Ahvan;
				SDKROOT = iphoneos;
				TARGETED_DEVICE_FAMILY = "1,2";
			};
			name = Release;
		};
/* End XCBuildConfiguration section */

/* Begin XCConfigurationList section */
		5E518BFD3B2235700F16E8A7 /* Build configuration list for PBXProject "Ahvan" */ = {
			isa = XCConfigurationList;
			buildConfigurations = (
				48AADC37730D02EB8D623A7A /* Debug */,
				550FF969357535E582912CC9 /* Release */,
			);
			defaultConfigurationIsVisible = 0;
			defaultConfigurationName = Debug;
		};
		F920FDBEFC78692BE50A3DB3 /* Build configuration list for PBXNativeTarget "Ahvan" */ = {
			isa = XCConfigurationList;
			buildConfigurations = (
				5CCE9C121F05F34C46404D32 /* Debug */,
				82BA14688D16E435C55E491F /* Release */,
			);
			defaultConfigurationIsVisible = 0;
			defaultConfigurationName = Debug;
		};
/* End XCConfigurationList section */
	};
	rootObject = A9257AE65CF9C3986C6010FD /* Project object */;
}
